
Microsoft Visual Studio Solution File, Format Version 12.00
# Visual Studio 15
VisualStudioVersion = 15.0.27703.2042
MinimumVisualStudioVersion = 10.0.40219.1
Project("{FAE04EC0-301F-11D3-BF4B-00C04F79EFBC}") = "ClassLibrary", "ClassLibrary\ClassLibrary.csproj", "{00D81085-38E6-4343-9DA3-F941B6662D0D}"
EndProject
Project("{FAE04EC0-301F-11D3-BF4B-00C04F79EFBC}") = "UnitTestProject", "UnitTestProject\UnitTestProject.csproj", "{0316415E-0965-4AA0-89C7-DEDE7AACFE64}"
EndProject
Project("{FAE04EC0-301F-11D3-BF4B-00C04F79EFBC}") = "BackOffice", "BackOffice\BackOffice.csproj", "{9ADE5A4D-DEA8-4C28-BA3D-641D3A317444}"
EndProject
Project("{E24C65DC-7377-472B-9ABA-BC803B73C61A}") = "WebSite", "http://localhost:59225", "{8D098B46-4C6E-461F-8A82-F4819C21B555}"
	ProjectSection(WebsiteProperties) = preProject
		UseIISExpress = "true"
		TargetFrameworkMoniker = ".NETFramework,Version%3Dv4.5"
		Debug.AspNetCompiler.VirtualPath = "/localhost_59225"
		Debug.AspNetCompiler.PhysicalPath = "..\..\..\Downloads\Project Work\Project Work\WebSite\"
		Debug.AspNetCompiler.TargetPath = "PrecompiledWeb\localhost_59225\"
		Debug.AspNetCompiler.Updateable = "true"
		Debug.AspNetCompiler.ForceOverwrite = "true"
		Debug.AspNetCompiler.FixedNames = "false"
		Debug.AspNetCompiler.Debug = "True"
		Release.AspNetCompiler.VirtualPath = "/localhost_59225"
		Release.AspNetCompiler.PhysicalPath = "..\..\..\Downloads\Project Work\Project Work\WebSite\"
		Release.AspNetCompiler.TargetPath = "PrecompiledWeb\localhost_59225\"
		Release.AspNetCompiler.Updateable = "true"
		Release.AspNetCompiler.ForceOverwrite = "true"
		Release.AspNetCompiler.FixedNames = "false"
		Release.AspNetCompiler.Debug = "False"
		SlnRelativePath = "..\..\..\Downloads\Project Work\Project Work\WebSite\"
	EndProjectSection
EndProject
Global
	GlobalSection(SolutionConfigurationPlatforms) = preSolution
		Debug|Any CPU = Debug|Any CPU
		Release|Any CPU = Release|Any CPU
	EndGlobalSection
	GlobalSection(ProjectConfigurationPlatforms) = postSolution
		{00D81085-38E6-4343-9DA3-F941B6662D0D}.Debug|Any CPU.ActiveCfg = Debug|Any CPU
		{00D81085-38E6-4343-9DA3-F941B6662D0D}.Debug|Any CPU.Build.0 = Debug|Any CPU
		{00D81085-38E6-4343-9DA3-F941B6662D0D}.Release|Any CPU.ActiveCfg = Release|Any CPU
		{00D81085-38E6-4343-9DA3-F941B6662D0D}.Release|Any CPU.Build.0 = Release|Any CPU
		{0316415E-0965-4AA0-89C7-DEDE7AACFE64}.Debug|Any CPU.ActiveCfg = Debug|Any CPU
		{0316415E-0965-4AA0-89C7-DEDE7AACFE64}.Debug|Any CPU.Build.0 = Debug|Any CPU
		{0316415E-0965-4AA0-89C7-DEDE7AACFE64}.Release|Any CPU.ActiveCfg = Release|Any CPU
		{0316415E-0965-4AA0-89C7-DEDE7AACFE64}.Release|Any CPU.Build.0 = Release|Any CPU
		{9ADE5A4D-DEA8-4C28-BA3D-641D3A317444}.Debug|Any CPU.ActiveCfg = Debug|Any CPU
		{9ADE5A4D-DEA8-4C28-BA3D-641D3A317444}.Debug|Any CPU.Build.0 = Debug|Any CPU
		{9ADE5A4D-DEA8-4C28-BA3D-641D3A317444}.Release|Any CPU.ActiveCfg = Release|Any CPU
		{9ADE5A4D-DEA8-4C28-BA3D-641D3A317444}.Release|Any CPU.Build.0 = Release|Any CPU
		{8D098B46-4C6E-461F-8A82-F4819C21B555}.Debug|Any CPU.ActiveCfg = Debug|Any CPU
		{8D098B46-4C6E-461F-8A82-F4819C21B555}.Debug|Any CPU.Build.0 = Debug|Any CPU
		{8D098B46-4C6E-461F-8A82-F4819C21B555}.Release|Any CPU.ActiveCfg = Debug|Any CPU
		{8D098B46-4C6E-461F-8A82-F4819C21B555}.Release|Any CPU.Build.0 = Debug|Any CPU
	EndGlobalSection
	GlobalSection(SolutionProperties) = preSolution
		HideSolutionNode = FALSE
	EndGlobalSection
	GlobalSection(ExtensibilityGlobals) = postSolution
		SolutionGuid = {1996ADCC-4E11-4653-9C1E-5380AB14A250}
	EndGlobalSection
EndGlobal
