
Microsoft Visual Studio Solution File, Format Version 12.00
# Visual Studio 15
VisualStudioVersion = 15.0.27703.2042
MinimumVisualStudioVersion = 10.0.40219.1
Project("{FAE04EC0-301F-11D3-BF4B-00C04F79EFBC}") = "ClassLibrary", "ClassLibrary\ClassLibrary.csproj", "{00D81085-38E6-4343-9DA3-F941B6662D0D}"
EndProject
Project("{FAE04EC0-301F-11D3-BF4B-00C04F79EFBC}") = "UnitTestProject", "UnitTestProject\UnitTestProject.csproj", "{0316415E-0965-4AA0-89C7-DEDE7AACFE64}"
EndProject
Project("{FAE04EC0-301F-11D3-BF4B-00C04F79EFBC}") = "FrontOffice", "FrontOffice\FrontOffice.csproj", "{BFEFA0D8-F71D-436E-A000-EB889465EE55}"
EndProject
Global
	GlobalSection(SolutionConfigurationPlatforms) = preSolution
		Debug|Any CPU = Debug|Any CPU
		Release|Any CPU = Release|Any CPU
	EndGlobalSection
	GlobalSection(ProjectConfigurationPlatforms) = postSolution
		{00D81085-38E6-4343-9DA3-F941B6662D0D}.Debug|Any CPU.ActiveCfg = Debug|Any CPU
		{00D81085-38E6-4343-9DA3-F941B6662D0D}.Debug|Any CPU.Build.0 = Debug|Any CPU
		{00D81085-38E6-4343-9DA3-F941B6662D0D}.Release|Any CPU.ActiveCfg = Release|Any CPU
		{00D81085-38E6-4343-9DA3-F941B6662D0D}.Release|Any CPU.Build.0 = Release|Any CPU
		{0316415E-0965-4AA0-89C7-DEDE7AACFE64}.Debug|Any CPU.ActiveCfg = Debug|Any CPU
		{0316415E-0965-4AA0-89C7-DEDE7AACFE64}.Debug|Any CPU.Build.0 = Debug|Any CPU
		{0316415E-0965-4AA0-89C7-DEDE7AACFE64}.Release|Any CPU.ActiveCfg = Release|Any CPU
		{0316415E-0965-4AA0-89C7-DEDE7AACFE64}.Release|Any CPU.Build.0 = Release|Any CPU
		{BFEFA0D8-F71D-436E-A000-EB889465EE55}.Debug|Any CPU.ActiveCfg = Debug|Any CPU
		{BFEFA0D8-F71D-436E-A000-EB889465EE55}.Debug|Any CPU.Build.0 = Debug|Any CPU
		{BFEFA0D8-F71D-436E-A000-EB889465EE55}.Release|Any CPU.ActiveCfg = Release|Any CPU
		{BFEFA0D8-F71D-436E-A000-EB889465EE55}.Release|Any CPU.Build.0 = Release|Any CPU
	EndGlobalSection
	GlobalSection(SolutionProperties) = preSolution
		HideSolutionNode = FALSE
	EndGlobalSection
	GlobalSection(ExtensibilityGlobals) = postSolution
		SolutionGuid = {1996ADCC-4E11-4653-9C1E-5380AB14A250}
	EndGlobalSection
EndGlobal
